// !$*UTF8*$!
{
	archiveVersion = 1;
	classes = {
	};
	objectVersion = 56;
	objects = {

/* Begin PBXBuildFile section */
		5E0F437E2F4F3D8B00E1277A /* GoogleService-Info.plist in Resources */ = {isa = PBXBuildFile; fileRef = 5E0F437D2F4F3D8A00E1277A /* GoogleService-Info.plist */; };
		5E0F437F2F4F3D8B00E1277A /* GoogleService-Info.plist in Resources */ = {isa = PBXBuildFile; fileRef = 5E0F437D2F4F3D8A00E1277A /* GoogleService-Info.plist */; };
		5E0F43812F4F3DE400E1277A /* AddNoteView.swift in Sources */ = {isa = PBXBuildFile; fileRef = 5E0F43802F4F3DE400E1277A /* AddNoteView.swift */; };
		5E0F43822F4F3DE400E1277A /* AddNoteView.swift in Sources */ = {isa = PBXBuildFile; fileRef = 5E0F43802F4F3DE400E1277A /* AddNoteView.swift */; };
		5E0F43832F4F3DE400E1277A /* AddNoteView.swift in Sources */ = {isa = PBXBuildFile; fileRef = 5E0F43802F4F3DE400E1277A /* AddNoteView.swift */; };
		5E0F43852F4F3E0000E1277A /* AuthViewModel.swift in Sources */ = {isa = PBXBuildFile; fileRef = 5E0F43842F4F3E0000E1277A /* AuthViewModel.swift */; };
		5E0F43862F4F3E0000E1277A /* AuthViewModel.swift in Sources */ = {isa = PBXBuildFile; fileRef = 5E0F43842F4F3E0000E1277A /* AuthViewModel.swift */; };
		5E0F43872F4F3E0000E1277A /* AuthViewModel.swift in Sources */ = {isa = PBXBuildFile; fileRef = 5E0F43842F4F3E0000E1277A /* AuthViewModel.swift */; };
		5E0F43892F4F3E6100E1277A /* NoteViewModel.swift in Sources */ = {isa = PBXBuildFile; fileRef = 5E0F43882F4F3E6100E1277A /* NoteViewModel.swift */; };
		5E0F438A2F4F3E6100E1277A /* NoteViewModel.swift in Sources */ = {isa = PBXBuildFile; fileRef = 5E0F43882F4F3E6100E1277A /* NoteViewModel.swift */; };
		5E0F438B2F4F3E6100E1277A /* NoteViewModel.swift in Sources */ = {isa = PBXBuildFile; fileRef = 5E0F43882F4F3E6100E1277A /* NoteViewModel.swift */; };
		5E0F438E2F4F40B900E1277A /* FirebaseAnalytics in Frameworks */ = {isa = PBXBuildFile; productRef = 5E0F438D2F4F40B900E1277A /* FirebaseAnalytics */; };
		5E0F43902F4F40B900E1277A /* FirebaseAnalyticsSwift in Frameworks */ = {isa = PBXBuildFile; productRef = 5E0F438F2F4F40B900E1277A /* FirebaseAnalyticsSwift */; };
		5E0F43922F4F40B900E1277A /* FirebaseAuth in Frameworks */ = {isa = PBXBuildFile; productRef = 5E0F43912F4F40B900E1277A /* FirebaseAuth */; };
		5E0F43942F4F40B900E1277A /* FirebaseFirestore in Frameworks */ = {isa = PBXBuildFile; productRef = 5E0F43932F4F40B900E1277A /* FirebaseFirestore */; };
		5E0F43962F4F40B900E1277A /* FirebaseFirestoreSwift in Frameworks */ = {isa = PBXBuildFile; productRef = 5E0F43952F4F40B900E1277A /* FirebaseFirestoreSwift */; };
		5E9224562F4F3995000B60A4 /* Firebase039App.swift in Sources */ = {isa = PBXBuildFile; fileRef = 5E9224552F4F3995000B60A4 /* Firebase039App.swift */; };
		5E9224582F4F3995000B60A4 /* ContentView.swift in Sources */ = {isa = PBXBuildFile; fileRef = 5E9224572F4F3995000B60A4 /* ContentView.swift */; };
		5E92245A2F4F3997000B60A4 /* Assets.xcassets in Resources */ = {isa = PBXBuildFile; fileRef = 5E9224592F4F3997000B60A4 /* Assets.xcassets */; };
		5E92245E2F4F3997000B60A4 /* Preview Assets.xcassets in Resources */ = {isa = PBXBuildFile; fileRef = 5E92245D2F4F3997000B60A4 /* Preview Assets.xcassets */; };
		5E9224682F4F3997000B60A4 /* Firebase039Tests.swift in Sources */ = {isa = PBXBuildFile; fileRef = 5E9224672F4F3997000B60A4 /* Firebase039Tests.swift */; };
		5E9224722F4F3997000B60A4 /* Firebase039UITests.swift in Sources */ = {isa = PBXBuildFile; fileRef = 5E9224712F4F3997000B60A4 /* Firebase039UITests.swift */; };
		5E9224742F4F3997000B60A4 /* Firebase039UITestsLaunchTests.swift in Sources */ = {isa = PBXBuildFile; fileRef = 5E9224732F4F3997000B60A4 /* Firebase039UITestsLaunchTests.swift */; };
/* End PBXBuildFile section */

/* Begin PBXContainerItemProxy section */
		5E9224642F4F3997000B60A4 /* PBXContainerItemProxy */ = {
			isa = PBXContainerItemProxy;
			containerPortal = 5E92244A2F4F3995000B60A4 /* Project object */;
			proxyType = 1;
			remoteGlobalIDString = 5E9224512F4F3995000B60A4;
			remoteInfo = Firebase039;
		};
		5E92246E2F4F3997000B60A4 /* PBXContainerItemProxy */ = {
			isa = PBXContainerItemProxy;
			containerPortal = 5E92244A2F4F3995000B60A4 /* Project object */;
			proxyType = 1;
			remoteGlobalIDString = 5E9224512F4F3995000B60A4;
			remoteInfo = Firebase039;
		};
/* End PBXContainerItemProxy section */

/* Begin PBXFileReference section */
		5E0F437D2F4F3D8A00E1277A /* GoogleService-Info.plist */ = {isa = PBXFileReference; fileEncoding = 4; lastKnownFileType = text.plist.xml; name = "GoogleService-Info.plist"; path = "../../GoogleService-Info.plist"; sourceTree = "<group>"; };
		5E0F43802F4F3DE400E1277A /* AddNoteView.swift */ = {isa = PBXFileReference; lastKnownFileType = sourcecode.swift; path = AddNoteView.swift; sourceTree = "<group>"; };
		5E0F43842F4F3E0000E1277A /* AuthViewModel.swift */ = {isa = PBXFileReference; lastKnownFileType = sourcecode.swift; path = AuthViewModel.swift; sourceTree = "<group>"; };
		5E0F43882F4F3E6100E1277A /* NoteViewModel.swift */ = {isa = PBXFileReference; lastKnownFileType = sourcecode.swift; path = NoteViewModel.swift; sourceTree = "<group>"; };
		5E9224522F4F3995000B60A4 /* Firebase039.app */ = {isa = PBXFileReference; explicitFileType = wrapper.application; includeInIndex = 0; path = Firebase039.app; sourceTree = BUILT_PRODUCTS_DIR; };
		5E9224552F4F3995000B60A4 /* Firebase039App.swift */ = {isa = PBXFileReference; lastKnownFileType = sourcecode.swift; path = Firebase039App.swift; sourceTree = "<group>"; };
		5E9224572F4F3995000B60A4 /* ContentView.swift */ = {isa = PBXFileReference; lastKnownFileType = sourcecode.swift; path = ContentView.swift; sourceTree = "<group>"; };
		5E9224592F4F3997000B60A4 /* Assets.xcassets */ = {isa = PBXFileReference; lastKnownFileType = folder.assetcatalog; path = Assets.xcassets; sourceTree = "<group>"; };
		5E92245B2F4F3997000B60A4 /* Firebase039.entitlements */ = {isa = PBXFileReference; lastKnownFileType = text.plist.entitlements; path = Firebase039.entitlements; sourceTree = "<group>"; };
		5E92245D2F4F3997000B60A4 /* Preview Assets.xcassets */ = {isa = PBXFileReference; lastKnownFileType = folder.assetcatalog; path = "Preview Assets.xcassets"; sourceTree = "<group>"; };
		5E9224632F4F3997000B60A4 /* Firebase039Tests.xctest */ = {isa = PBXFileReference; explicitFileType = wrapper.cfbundle; includeInIndex = 0; path = Firebase039Tests.xctest; sourceTree = BUILT_PRODUCTS_DIR; };
		5E9224672F4F3997000B60A4 /* Firebase039Tests.swift */ = {isa = PBXFileReference; lastKnownFileType = sourcecode.swift; path = Firebase039Tests.swift; sourceTree = "<group>"; };
		5E92246D2F4F3997000B60A4 /* Firebase039UITests.xctest */ = {isa = PBXFileReference; explicitFileType = wrapper.cfbundle; includeInIndex = 0; path = Firebase039UITests.xctest; sourceTree = BUILT_PRODUCTS_DIR; };
		5E9224712F4F3997000B60A4 /* Firebase039UITests.swift */ = {isa = PBXFileReference; lastKnownFileType = sourcecode.swift; path = Firebase039UITests.swift; sourceTree = "<group>"; };
		5E9224732F4F3997000B60A4 /* Firebase039UITestsLaunchTests.swift */ = {isa = PBXFileReference; lastKnownFileType = sourcecode.swift; path = Firebase039UITestsLaunchTests.swift; sourceTree = "<group>"; };
/* End PBXFileReference section */

/* Begin PBXFrameworksBuildPhase section */
		5E92244F2F4F3995000B60A4 /* Frameworks */ = {
			isa = PBXFrameworksBuildPhase;
			buildActionMask = 2147483647;
			files = (
				5E0F43962F4F40B900E1277A /* FirebaseFirestoreSwift in Frameworks */,
				5E0F43902F4F40B900E1277A /* FirebaseAnalyticsSwift in Frameworks */,
				5E0F43942F4F40B900E1277A /* FirebaseFirestore in Frameworks */,
				5E0F43922F4F40B900E1277A /* FirebaseAuth in Frameworks */,
				5E0F438E2F4F40B900E1277A /* FirebaseAnalytics in Frameworks */,
			);
			runOnlyForDeploymentPostprocessing = 0;
		};
		5E9224602F4F3997000B60A4 /* Frameworks */ = {
			isa = PBXFrameworksBuildPhase;
			buildActionMask = 2147483647;
			files = (
			);
			runOnlyForDeploymentPostprocessing = 0;
		};
		5E92246A2F4F3997000B60A4 /* Frameworks */ = {
			isa = PBXFrameworksBuildPhase;
			buildActionMask = 2147483647;
			files = (
			);
			runOnlyForDeploymentPostprocessing = 0;
		};
/* End PBXFrameworksBuildPhase section */

/* Begin PBXGroup section */
		5E9224492F4F3995000B60A4 = {
			isa = PBXGroup;
			children = (
				5E9224542F4F3995000B60A4 /* Firebase039 */,
				5E9224662F4F3997000B60A4 /* Firebase039Tests */,
				5E9224702F4F3997000B60A4 /* Firebase039UITests */,
				5E9224532F4F3995000B60A4 /* Products */,
			);
			sourceTree = "<group>";
		};
		5E9224532F4F3995000B60A4 /* Products */ = {
			isa = PBXGroup;
			children = (
				5E9224522F4F3995000B60A4 /* Firebase039.app */,
				5E9224632F4F3997000B60A4 /* Firebase039Tests.xctest */,
				5E92246D2F4F3997000B60A4 /* Firebase039UITests.xctest */,
			);
			name = Products;
			sourceTree = "<group>";
		};
		5E9224542F4F3995000B60A4 /* Firebase039 */ = {
			isa = PBXGroup;
			children = (
				5E9224552F4F3995000B60A4 /* Firebase039App.swift */,
				5E9224572F4F3995000B60A4 /* ContentView.swift */,
				5E0F43802F4F3DE400E1277A /* AddNoteView.swift */,
				5E0F43842F4F3E0000E1277A /* AuthViewModel.swift */,
				5E0F43882F4F3E6100E1277A /* NoteViewModel.swift */,
				5E0F437D2F4F3D8A00E1277A /* GoogleService-Info.plist */,
				5E9224592F4F3997000B60A4 /* Assets.xcassets */,
				5E92245B2F4F3997000B60A4 /* Firebase039.entitlements */,
				5E92245C2F4F3997000B60A4 /* Preview Content */,
			);
			path = Firebase039;
			sourceTree = "<group>";
		};
		5E92245C2F4F3997000B60A4 /* Preview Content */ = {
			isa = PBXGroup;
			children = (
				5E92245D2F4F3997000B60A4 /* Preview Assets.xcassets */,
			);
			path = "Preview Content";
			sourceTree = "<group>";
		};
		5E9224662F4F3997000B60A4 /* Firebase039Tests */ = {
			isa = PBXGroup;
			children = (
				5E9224672F4F3997000B60A4 /* Firebase039Tests.swift */,
			);
			path = Firebase039Tests;
			sourceTree = "<group>";
		};
		5E9224702F4F3997000B60A4 /* Firebase039UITests */ = {
			isa = PBXGroup;
			children = (
				5E9224712F4F3997000B60A4 /* Firebase039UITests.swift */,
				5E9224732F4F3997000B60A4 /* Firebase039UITestsLaunchTests.swift */,
			);
			path = Firebase039UITests;
			sourceTree = "<group>";
		};
/* End PBXGroup section */

/* Begin PBXNativeTarget section */
		5E9224512F4F3995000B60A4 /* Firebase039 */ = {
			isa = PBXNativeTarget;
			buildConfigurationList = 5E9224772F4F3997000B60A4 /* Build configuration list for PBXNativeTarget "Firebase039" */;
			buildPhases = (
				5E92244E2F4F3995000B60A4 /* Sources */,
				5E92244F2F4F3995000B60A4 /* Frameworks */,
				5E9224502F4F3995000B60A4 /* Resources */,
			);
			buildRules = (
			);
			dependencies = (
			);
			name = Firebase039;
			packageProductDependencies = (
				5E0F438D2F4F40B900E1277A /* FirebaseAnalytics */,
				5E0F438F2F4F40B900E1277A /* FirebaseAnalyticsSwift */,
				5E0F43912F4F40B900E1277A /* FirebaseAuth */,
				5E0F43932F4F40B900E1277A /* FirebaseFirestore */,
				5E0F43952F4F40B900E1277A /* FirebaseFirestoreSwift */,
			);
			productName = Firebase039;
			productReference = 5E9224522F4F3995000B60A4 /* Firebase039.app */;
			productType = "com.apple.product-type.application";
		};
		5E9224622F4F3997000B60A4 /* Firebase039Tests */ = {
			isa = PBXNativeTarget;
			buildConfigurationList = 5E92247A2F4F3997000B60A4 /* Build configuration list for PBXNativeTarget "Firebase039Tests" */;
			buildPhases = (
				5E92245F2F4F3997000B60A4 /* Sources */,
				5E9224602F4F3997000B60A4 /* Frameworks */,
				5E9224612F4F3997000B60A4 /* Resources */,
			);
			buildRules = (
			);
			dependencies = (
				5E9224652F4F3997000B60A4 /* PBXTargetDependency */,
			);
			name = Firebase039Tests;
			productName = Firebase039Tests;
			productReference = 5E9224632F4F3997000B60A4 /* Firebase039Tests.xctest */;
			productType = "com.apple.product-type.bundle.unit-test";
		};
		5E92246C2F4F3997000B60A4 /* Firebase039UITests */ = {
			isa = PBXNativeTarget;
			buildConfigurationList = 5E92247D2F4F3997000B60A4 /* Build configuration list for PBXNativeTarget "Firebase039UITests" */;
			buildPhases = (
				5E9224692F4F3997000B60A4 /* Sources */,
				5E92246A2F4F3997000B60A4 /* Frameworks */,
				5E92246B2F4F3997000B60A4 /* Resources */,
			);
			buildRules = (
			);
			dependencies = (
				5E92246F2F4F3997000B60A4 /* PBXTargetDependency */,
			);
			name = Firebase039UITests;
			productName = Firebase039UITests;
			productReference = 5E92246D2F4F3997000B60A4 /* Firebase039UITests.xctest */;
			productType = "com.apple.product-type.bundle.ui-testing";
		};
/* End PBXNativeTarget section */

/* Begin PBXProject section */
		5E92244A2F4F3995000B60A4 /* Project object */ = {
			isa = PBXProject;
			attributes = {
				BuildIndependentTargetsInParallel = 1;
				LastSwiftUpdateCheck = 1420;
				LastUpgradeCheck = 1420;
				TargetAttributes = {
					5E9224512F4F3995000B60A4 = {
						CreatedOnToolsVersion = 14.2;
					};
					5E9224622F4F3997000B60A4 = {
						CreatedOnToolsVersion = 14.2;
						TestTargetID = 5E9224512F4F3995000B60A4;
					};
					5E92246C2F4F3997000B60A4 = {
						CreatedOnToolsVersion = 14.2;
						TestTargetID = 5E9224512F4F3995000B60A4;
					};
				};
			};
			buildConfigurationList = 5E92244D2F4F3995000B60A4 /* Build configuration list for PBXProject "Firebase039" */;
			compatibilityVersion = "Xcode 14.0";
			developmentRegion = en;
			hasScannedForEncodings = 0;
			knownRegions = (
				en,
				Base,
			);
			mainGroup = 5E9224492F4F3995000B60A4;
			packageReferences = (
				5E0F438C2F4F40B900E1277A /* XCRemoteSwiftPackageReference "firebase-ios-sdk" */,
			);
			productRefGroup = 5E9224532F4F3995000B60A4 /* Products */;
			projectDirPath = "";
			projectRoot = "";
			targets = (
				5E9224512F4F3995000B60A4 /* Firebase039 */,
				5E9224622F4F3997000B60A4 /* Firebase039Tests */,
				5E92246C2F4F3997000B60A4 /* Firebase039UITests */,
			);
		};
/* End PBXProject section */

/* Begin PBXResourcesBuildPhase section */
		5E9224502F4F3995000B60A4 /* Resources */ = {
			isa = PBXResourcesBuildPhase;
			buildActionMask = 2147483647;
			files = (
				5E92245E2F4F3997000B60A4 /* Preview Assets.xcassets in Resources */,
				5E92245A2F4F3997000B60A4 /* Assets.xcassets in Resources */,
				5E0F437E2F4F3D8B00E1277A /* GoogleService-Info.plist in Resources */,
			);
			runOnlyForDeploymentPostprocessing = 0;
		};
		5E9224612F4F3997000B60A4 /* Resources */ = {
			isa = PBXResourcesBuildPhase;
			buildActionMask = 2147483647;
			files = (
				5E0F437F2F4F3D8B00E1277A /* GoogleService-Info.plist in Resources */,
			);
			runOnlyForDeploymentPostprocessing = 0;
		};
		5E92246B2F4F3997000B60A4 /* Resources */ = {
			isa = PBXResourcesBuildPhase;
			buildActionMask = 2147483647;
			files = (
			);
			runOnlyForDeploymentPostprocessing = 0;
		};
/* End PBXResourcesBuildPhase section */

/* Begin PBXSourcesBuildPhase section */
		5E92244E2F4F3995000B60A4 /* Sources */ = {
			isa = PBXSourcesBuildPhase;
			buildActionMask = 2147483647;
			files = (
				5E0F43892F4F3E6100E1277A /* NoteViewModel.swift in Sources */,
				5E0F43852F4F3E0000E1277A /* AuthViewModel.swift in Sources */,
				5E0F43812F4F3DE400E1277A /* AddNoteView.swift in Sources */,
				5E9224582F4F3995000B60A4 /* ContentView.swift in Sources */,
				5E9224562F4F3995000B60A4 /* Firebase039App.swift in Sources */,
			);
			runOnlyForDeploymentPostprocessing = 0;
		};
		5E92245F2F4F3997000B60A4 /* Sources */ = {
			isa = PBXSourcesBuildPhase;
			buildActionMask = 2147483647;
			files = (
				5E0F438A2F4F3E6100E1277A /* NoteViewModel.swift in Sources */,
				5E0F43822F4F3DE400E1277A /* AddNoteView.swift in Sources */,
				5E9224682F4F3997000B60A4 /* Firebase039Tests.swift in Sources */,
				5E0F43862F4F3E0000E1277A /* AuthViewModel.swift in Sources */,
			);
			runOnlyForDeploymentPostprocessing = 0;
		};
		5E9224692F4F3997000B60A4 /* Sources */ = {
			isa = PBXSourcesBuildPhase;
			buildActionMask = 2147483647;
			files = (
				5E0F438B2F4F3E6100E1277A /* NoteViewModel.swift in Sources */,
				5E0F43872F4F3E0000E1277A /* AuthViewModel.swift in Sources */,
				5E0F43832F4F3DE400E1277A /* AddNoteView.swift in Sources */,
				5E9224742F4F3997000B60A4 /* Firebase039UITestsLaunchTests.swift in Sources */,
				5E9224722F4F3997000B60A4 /* Firebase039UITests.swift in Sources */,
			);
			runOnlyForDeploymentPostprocessing = 0;
		};
/* End PBXSourcesBuildPhase section */

/* Begin PBXTargetDependency section */
		5E9224652F4F3997000B60A4 /* PBXTargetDependency */ = {
			isa = PBXTargetDependency;
			target = 5E9224512F4F3995000B60A4 /* Firebase039 */;
			targetProxy = 5E9224642F4F3997000B60A4 /* PBXContainerItemProxy */;
		};
		5E92246F2F4F3997000B60A4 /* PBXTargetDependency */ = {
			isa = PBXTargetDependency;
			target = 5E9224512F4F3995000B60A4 /* Firebase039 */;
			targetProxy = 5E92246E2F4F3997000B60A4 /* PBXContainerItemProxy */;
		};
/* End PBXTargetDependency section */

/* Begin XCBuildConfiguration section */
		5E9224752F4F3997000B60A4 /* Debug */ = {
			isa = XCBuildConfiguration;
			buildSettings = {
				ALWAYS_SEARCH_USER_PATHS = NO;
				CLANG_ANALYZER_NONNULL = YES;
				CLANG_ANALYZER_NUMBER_OBJECT_CONVERSION = YES_AGGRESSIVE;
				CLANG_CXX_LANGUAGE_STANDARD = "gnu++20";
				CLANG_ENABLE_MODULES = YES;
				CLANG_ENABLE_OBJC_ARC = YES;
				CLANG_ENABLE_OBJC_WEAK = YES;
				CLANG_WARN_BLOCK_CAPTURE_AUTORELEASING = YES;
				CLANG_WARN_BOOL_CONVERSION = YES;
				CLANG_WARN_COMMA = YES;
				CLANG_WARN_CONSTANT_CONVERSION = YES;
				CLANG_WARN_DEPRECATED_OBJC_IMPLEMENTATIONS = YES;
				CLANG_WARN_DIRECT_OBJC_ISA_USAGE = YES_ERROR;
				CLANG_WARN_DOCUMENTATION_COMMENTS = YES;
				CLANG_WARN_EMPTY_BODY = YES;
				CLANG_WARN_ENUM_CONVERSION = YES;
				CLANG_WARN_INFINITE_RECURSION = YES;
				CLANG_WARN_INT_CONVERSION = YES;
				CLANG_WARN_NON_LITERAL_NULL_CONVERSION = YES;
				CLANG_WARN_OBJC_IMPLICIT_RETAIN_SELF = YES;
				CLANG_WARN_OBJC_LITERAL_CONVERSION = YES;
				CLANG_WARN_OBJC_ROOT_CLASS = YES_ERROR;
				CLANG_WARN_QUOTED_INCLUDE_IN_FRAMEWORK_HEADER = YES;
				CLANG_WARN_RANGE_LOOP_ANALYSIS = YES;
				CLANG_WARN_STRICT_PROTOTYPES = YES;
				CLANG_WARN_SUSPICIOUS_MOVE = YES;
				CLANG_WARN_UNGUARDED_AVAILABILITY = YES_AGGRESSIVE;
				CLANG_WARN_UNREACHABLE_CODE = YES;
				CLANG_WARN__DUPLICATE_METHOD_MATCH = YES;
				COPY_PHASE_STRIP = NO;
				DEBUG_INFORMATION_FORMAT = dwarf;
				ENABLE_STRICT_OBJC_MSGSEND = YES;
				ENABLE_TESTABILITY = YES;
				GCC_C_LANGUAGE_STANDARD = gnu11;
				GCC_DYNAMIC_NO_PIC = NO;
				GCC_NO_COMMON_BLOCKS = YES;
				GCC_OPTIMIZATION_LEVEL = 0;
				GCC_PREPROCESSOR_DEFINITIONS = (
					"DEBUG=1",
					"$(inherited)",
				);
				GCC_WARN_64_TO_32_BIT_CONVERSION = YES;
				GCC_WARN_ABOUT_RETURN_TYPE = YES_ERROR;
				GCC_WARN_UNDECLARED_SELECTOR = YES;
				GCC_WARN_UNINITIALIZED_AUTOS = YES_AGGRESSIVE;
				GCC_WARN_UNUSED_FUNCTION = YES;
				GCC_WARN_UNUSED_VARIABLE = YES;
				MTL_ENABLE_DEBUG_INFO = INCLUDE_SOURCE;
				MTL_FAST_MATH = YES;
				ONLY_ACTIVE_ARCH = YES;
				SWIFT_ACTIVE_COMPILATION_CONDITIONS = DEBUG;
				SWIFT_OPTIMIZATION_LEVEL = "-Onone";
			};
			name = Debug;
		};
		5E9224762F4F3997000B60A4 /* Release */ = {
			isa = XCBuildConfiguration;
			buildSettings = {
				ALWAYS_SEARCH_USER_PATHS = NO;
				CLANG_ANALYZER_NONNULL = YES;
				CLANG_ANALYZER_NUMBER_OBJECT_CONVERSION = YES_AGGRESSIVE;
				CLANG_CXX_LANGUAGE_STANDARD = "gnu++20";
				CLANG_ENABLE_MODULES = YES;
				CLANG_ENABLE_OBJC_ARC = YES;
				CLANG_ENABLE_OBJC_WEAK = YES;
				CLANG_WARN_BLOCK_CAPTURE_AUTORELEASING = YES;
				CLANG_WARN_BOOL_CONVERSION = YES;
				CLANG_WARN_COMMA = YES;
				CLANG_WARN_CONSTANT_CONVERSION = YES;
				CLANG_WARN_DEPRECATED_OBJC_IMPLEMENTATIONS = YES;
				CLANG_WARN_DIRECT_OBJC_ISA_USAGE = YES_ERROR;
				CLANG_WARN_DOCUMENTATION_COMMENTS = YES;
				CLANG_WARN_EMPTY_BODY = YES;
				CLANG_WARN_ENUM_CONVERSION = YES;
				CLANG_WARN_INFINITE_RECURSION = YES;
				CLANG_WARN_INT_CONVERSION = YES;
				CLANG_WARN_NON_LITERAL_NULL_CONVERSION = YES;
				CLANG_WARN_OBJC_IMPLICIT_RETAIN_SELF = YES;
				CLANG_WARN_OBJC_LITERAL_CONVERSION = YES;
				CLANG_WARN_OBJC_ROOT_CLASS = YES_ERROR;
				CLANG_WARN_QUOTED_INCLUDE_IN_FRAMEWORK_HEADER = YES;
				CLANG_WARN_RANGE_LOOP_ANALYSIS = YES;
				CLANG_WARN_STRICT_PROTOTYPES = YES;
				CLANG_WARN_SUSPICIOUS_MOVE = YES;
				CLANG_WARN_UNGUARDED_AVAILABILITY = YES_AGGRESSIVE;
				CLANG_WARN_UNREACHABLE_CODE = YES;
				CLANG_WARN__DUPLICATE_METHOD_MATCH = YES;
				COPY_PHASE_STRIP = NO;
				DEBUG_INFORMATION_FORMAT = "dwarf-with-dsym";
				ENABLE_NS_ASSERTIONS = NO;
				ENABLE_STRICT_OBJC_MSGSEND = YES;
				GCC_C_LANGUAGE_STANDARD = gnu11;
				GCC_NO_COMMON_BLOCKS = YES;
				GCC_WARN_64_TO_32_BIT_CONVERSION = YES;
				GCC_WARN_ABOUT_RETURN_TYPE = YES_ERROR;
				GCC_WARN_UNDECLARED_SELECTOR = YES;
				GCC_WARN_UNINITIALIZED_AUTOS = YES_AGGRESSIVE;
				GCC_WARN_UNUSED_FUNCTION = YES;
				GCC_WARN_UNUSED_VARIABLE = YES;
				MTL_ENABLE_DEBUG_INFO = NO;
				MTL_FAST_MATH = YES;
				SWIFT_COMPILATION_MODE = wholemodule;
				SWIFT_OPTIMIZATION_LEVEL = "-O";
			};
			name = Release;
		};
		5E9224782F4F3997000B60A4 /* Debug */ = {
			isa = XCBuildConfiguration;
			buildSettings = {
				ASSETCATALOG_COMPILER_APPICON_NAME = AppIcon;
				ASSETCATALOG_COMPILER_GLOBAL_ACCENT_COLOR_NAME = AccentColor;
				CODE_SIGN_ENTITLEMENTS = Firebase039/Firebase039.entitlements;
				CODE_SIGN_STYLE = Automatic;
				CURRENT_PROJECT_VERSION = 1;
				DEVELOPMENT_ASSET_PATHS = "\"Firebase039/Preview Content\"";
				ENABLE_PREVIEWS = YES;
				GENERATE_INFOPLIST_FILE = YES;
				"INFOPLIST_KEY_UIApplicationSceneManifest_Generation[sdk=iphoneos*]" = YES;
				"INFOPLIST_KEY_UIApplicationSceneManifest_Generation[sdk=iphonesimulator*]" = YES;
				"INFOPLIST_KEY_UIApplicationSupportsIndirectInputEvents[sdk=iphoneos*]" = YES;
				"INFOPLIST_KEY_UIApplicationSupportsIndirectInputEvents[sdk=iphonesimulator*]" = YES;
				"INFOPLIST_KEY_UILaunchScreen_Generation[sdk=iphoneos*]" = YES;
				"INFOPLIST_KEY_UILaunchScreen_Generation[sdk=iphonesimulator*]" = YES;
				"INFOPLIST_KEY_UIStatusBarStyle[sdk=iphoneos*]" = UIStatusBarStyleDefault;
				"INFOPLIST_KEY_UIStatusBarStyle[sdk=iphonesimulator*]" = UIStatusBarStyleDefault;
				INFOPLIST_KEY_UISupportedInterfaceOrientations_iPad = "UIInterfaceOrientationPortrait UIInterfaceOrientationPortraitUpsideDown UIInterfaceOrientationLandscapeLeft UIInterfaceOrientationLandscapeRight";
				INFOPLIST_KEY_UISupportedInterfaceOrientations_iPhone = "UIInterfaceOrientationPortrait UIInterfaceOrientationLandscapeLeft UIInterfaceOrientationLandscapeRight";
				IPHONEOS_DEPLOYMENT_TARGET = 14.5;
				LD_RUNPATH_SEARCH_PATHS = "@executable_path/Frameworks";
				"LD_RUNPATH_SEARCH_PATHS[sdk=macosx*]" = "@executable_path/../Frameworks";
				MACOSX_DEPLOYMENT_TARGET = 12.7;
				MARKETING_VERSION = 1.0;
				PRODUCT_BUNDLE_IDENTIFIER = com.ayesha.Firebase039;
				PRODUCT_NAME = "$(TARGET_NAME)";
				SDKROOT = auto;
				SUPPORTED_PLATFORMS = "iphoneos iphonesimulator macosx";
				SWIFT_EMIT_LOC_STRINGS = YES;
				SWIFT_VERSION = 5.0;
				TARGETED_DEVICE_FAMILY = "1,2";
			};
			name = Debug;
		};
		5E9224792F4F3997000B60A4 /* Release */ = {
			isa = XCBuildConfiguration;
			buildSettings = {
				ASSETCATALOG_COMPILER_APPICON_NAME = AppIcon;
				ASSETCATALOG_COMPILER_GLOBAL_ACCENT_COLOR_NAME = AccentColor;
				CODE_SIGN_ENTITLEMENTS = Firebase039/Firebase039.entitlements;
				CODE_SIGN_STYLE = Automatic;
				CURRENT_PROJECT_VERSION = 1;
				DEVELOPMENT_ASSET_PATHS = "\"Firebase039/Preview Content\"";
				ENABLE_PREVIEWS = YES;
				GENERATE_INFOPLIST_FILE = YES;
				"INFOPLIST_KEY_UIApplicationSceneManifest_Generation[sdk=iphoneos*]" = YES;
				"INFOPLIST_KEY_UIApplicationSceneManifest_Generation[sdk=iphonesimulator*]" = YES;
				"INFOPLIST_KEY_UIApplicationSupportsIndirectInputEvents[sdk=iphoneos*]" = YES;
				"INFOPLIST_KEY_UIApplicationSupportsIndirectInputEvents[sdk=iphonesimulator*]" = YES;
				"INFOPLIST_KEY_UILaunchScreen_Generation[sdk=iphoneos*]" = YES;
				"INFOPLIST_KEY_UILaunchScreen_Generation[sdk=iphonesimulator*]" = YES;
				"INFOPLIST_KEY_UIStatusBarStyle[sdk=iphoneos*]" = UIStatusBarStyleDefault;
				"INFOPLIST_KEY_UIStatusBarStyle[sdk=iphonesimulator*]" = UIStatusBarStyleDefault;
				INFOPLIST_KEY_UISupportedInterfaceOrientations_iPad = "UIInterfaceOrientationPortrait UIInterfaceOrientationPortraitUpsideDown UIInterfaceOrientationLandscapeLeft UIInterfaceOrientationLandscapeRight";
				INFOPLIST_KEY_UISupportedInterfaceOrientations_iPhone = "UIInterfaceOrientationPortrait UIInterfaceOrientationLandscapeLeft UIInterfaceOrientationLandscapeRight";
				IPHONEOS_DEPLOYMENT_TARGET = 14.5;
				LD_RUNPATH_SEARCH_PATHS = "@executable_path/Frameworks";
				"LD_RUNPATH_SEARCH_PATHS[sdk=macosx*]" = "@executable_path/../Frameworks";
				MACOSX_DEPLOYMENT_TARGET = 12.7;
				MARKETING_VERSION = 1.0;
				PRODUCT_BUNDLE_IDENTIFIER = com.ayesha.Firebase039;
				PRODUCT_NAME = "$(TARGET_NAME)";
				SDKROOT = auto;
				SUPPORTED_PLATFORMS = "iphoneos iphonesimulator macosx";
				SWIFT_EMIT_LOC_STRINGS = YES;
				SWIFT_VERSION = 5.0;
				TARGETED_DEVICE_FAMILY = "1,2";
			};
			name = Release;
		};
		5E92247B2F4F3997000B60A4 /* Debug */ = {
			isa = XCBuildConfiguration;
			buildSettings = {
				ALWAYS_EMBED_SWIFT_STANDARD_LIBRARIES = YES;
				BUNDLE_LOADER = "$(TEST_HOST)";
				CODE_SIGN_STYLE = Automatic;
				CURRENT_PROJECT_VERSION = 1;
				GENERATE_INFOPLIST_FILE = YES;
				IPHONEOS_DEPLOYMENT_TARGET = 16.2;
				MACOSX_DEPLOYMENT_TARGET = 12.7;
				MARKETING_VERSION = 1.0;
				PRODUCT_BUNDLE_IDENTIFIER = com.ayesha.Firebase039Tests;
				PRODUCT_NAME = "$(TARGET_NAME)";
				SDKROOT = auto;
				SUPPORTED_PLATFORMS = "iphoneos iphonesimulator macosx";
				SWIFT_EMIT_LOC_STRINGS = NO;
				SWIFT_VERSION = 5.0;
				TARGETED_DEVICE_FAMILY = "1,2";
				TEST_HOST = "$(BUILT_PRODUCTS_DIR)/Firebase039.app/$(BUNDLE_EXECUTABLE_FOLDER_PATH)/Firebase039";
			};
			name = Debug;
		};
		5E92247C2F4F3997000B60A4 /* Release */ = {
			isa = XCBuildConfiguration;
			buildSettings = {
				ALWAYS_EMBED_SWIFT_STANDARD_LIBRARIES = YES;
				BUNDLE_LOADER = "$(TEST_HOST)";
				CODE_SIGN_STYLE = Automatic;
				CURRENT_PROJECT_VERSION = 1;
				GENERATE_INFOPLIST_FILE = YES;
				IPHONEOS_DEPLOYMENT_TARGET = 16.2;
				MACOSX_DEPLOYMENT_TARGET = 12.7;
				MARKETING_VERSION = 1.0;
				PRODUCT_BUNDLE_IDENTIFIER = com.ayesha.Firebase039Tests;
				PRODUCT_NAME = "$(TARGET_NAME)";
				SDKROOT = auto;
				SUPPORTED_PLATFORMS = "iphoneos iphonesimulator macosx";
				SWIFT_EMIT_LOC_STRINGS = NO;
				SWIFT_VERSION = 5.0;
				TARGETED_DEVICE_FAMILY = "1,2";
				TEST_HOST = "$(BUILT_PRODUCTS_DIR)/Firebase039.app/$(BUNDLE_EXECUTABLE_FOLDER_PATH)/Firebase039";
			};
			name = Release;
		};
		5E92247E2F4F3997000B60A4 /* Debug */ = {
			isa = XCBuildConfiguration;
			buildSettings = {
				ALWAYS_EMBED_SWIFT_STANDARD_LIBRARIES = YES;
				CODE_SIGN_STYLE = Automatic;
				CURRENT_PROJECT_VERSION = 1;
				GENERATE_INFOPLIST_FILE = YES;
				IPHONEOS_DEPLOYMENT_TARGET = 16.2;
				MACOSX_DEPLOYMENT_TARGET = 12.7;
				MARKETING_VERSION = 1.0;
				PRODUCT_BUNDLE_IDENTIFIER = com.ayesha.Firebase039UITests;
				PRODUCT_NAME = "$(TARGET_NAME)";
				SDKROOT = auto;
				SUPPORTED_PLATFORMS = "iphoneos iphonesimulator macosx";
				SWIFT_EMIT_LOC_STRINGS = NO;
				SWIFT_VERSION = 5.0;
				TARGETED_DEVICE_FAMILY = "1,2";
				TEST_TARGET_NAME = Firebase039;
			};
			name = Debug;
		};
		5E92247F2F4F3997000B60A4 /* Release */ = {
			isa = XCBuildConfiguration;
			buildSettings = {
				ALWAYS_EMBED_SWIFT_STANDARD_LIBRARIES = YES;
				CODE_SIGN_STYLE = Automatic;
				CURRENT_PROJECT_VERSION = 1;
				GENERATE_INFOPLIST_FILE = YES;
				IPHONEOS_DEPLOYMENT_TARGET = 16.2;
				MACOSX_DEPLOYMENT_TARGET = 12.7;
				MARKETING_VERSION = 1.0;
				PRODUCT_BUNDLE_IDENTIFIER = com.ayesha.Firebase039UITests;
				PRODUCT_NAME = "$(TARGET_NAME)";
				SDKROOT = auto;
				SUPPORTED_PLATFORMS = "iphoneos iphonesimulator macosx";
				SWIFT_EMIT_LOC_STRINGS = NO;
				SWIFT_VERSION = 5.0;
				TARGETED_DEVICE_FAMILY = "1,2";
				TEST_TARGET_NAME = Firebase039;
			};
			name = Release;
		};
/* End XCBuildConfiguration section */

/* Begin XCConfigurationList section */
		5E92244D2F4F3995000B60A4 /* Build configuration list for PBXProject "Firebase039" */ = {
			isa = XCConfigurationList;
			buildConfigurations = (
				5E9224752F4F3997000B60A4 /* Debug */,
				5E9224762F4F3997000B60A4 /* Release */,
			);
			defaultConfigurationIsVisible = 0;
			defaultConfigurationName = Release;
		};
		5E9224772F4F3997000B60A4 /* Build configuration list for PBXNativeTarget "Firebase039" */ = {
			isa = XCConfigurationList;
			buildConfigurations = (
				5E9224782F4F3997000B60A4 /* Debug */,
				5E9224792F4F3997000B60A4 /* Release */,
			);
			defaultConfigurationIsVisible = 0;
			defaultConfigurationName = Release;
		};
		5E92247A2F4F3997000B60A4 /* Build configuration list for PBXNativeTarget "Firebase039Tests" */ = {
			isa = XCConfigurationList;
			buildConfigurations = (
				5E92247B2F4F3997000B60A4 /* Debug */,
				5E92247C2F4F3997000B60A4 /* Release */,
			);
			defaultConfigurationIsVisible = 0;
			defaultConfigurationName = Release;
		};
		5E92247D2F4F3997000B60A4 /* Build configuration list for PBXNativeTarget "Firebase039UITests" */ = {
			isa = XCConfigurationList;
			buildConfigurations = (
				5E92247E2F4F3997000B60A4 /* Debug */,
				5E92247F2F4F3997000B60A4 /* Release */,
			);
			defaultConfigurationIsVisible = 0;
			defaultConfigurationName = Release;
		};
/* End XCConfigurationList section */

/* Begin XCRemoteSwiftPackageReference section */
		5E0F438C2F4F40B900E1277A /* XCRemoteSwiftPackageReference "firebase-ios-sdk" */ = {
			isa = XCRemoteSwiftPackageReference;
			repositoryURL = "https://github.com/firebase/firebase-ios-sdk";
			requirement = {
				kind = upToNextMajorVersion;
				minimumVersion = 9.0.0;
			};
		};
/* End XCRemoteSwiftPackageReference section */

/* Begin XCSwiftPackageProductDependency section */
		5E0F438D2F4F40B900E1277A /* FirebaseAnalytics */ = {
			isa = XCSwiftPackageProductDependency;
			package = 5E0F438C2F4F40B900E1277A /* XCRemoteSwiftPackageReference "firebase-ios-sdk" */;
			productName = FirebaseAnalytics;
		};
		5E0F438F2F4F40B900E1277A /* FirebaseAnalyticsSwift */ = {
			isa = XCSwiftPackageProductDependency;
			package = 5E0F438C2F4F40B900E1277A /* XCRemoteSwiftPackageReference "firebase-ios-sdk" */;
			productName = FirebaseAnalyticsSwift;
		};
		5E0F43912F4F40B900E1277A /* FirebaseAuth */ = {
			isa = XCSwiftPackageProductDependency;
			package = 5E0F438C2F4F40B900E1277A /* XCRemoteSwiftPackageReference "firebase-ios-sdk" */;
			productName = FirebaseAuth;
		};
		5E0F43932F4F40B900E1277A /* FirebaseFirestore */ = {
			isa = XCSwiftPackageProductDependency;
			package = 5E0F438C2F4F40B900E1277A /* XCRemoteSwiftPackageReference "firebase-ios-sdk" */;
			productName = FirebaseFirestore;
		};
		5E0F43952F4F40B900E1277A /* FirebaseFirestoreSwift */ = {
			isa = XCSwiftPackageProductDependency;
			package = 5E0F438C2F4F40B900E1277A /* XCRemoteSwiftPackageReference "firebase-ios-sdk" */;
			productName = FirebaseFirestoreSwift;
		};
/* End XCSwiftPackageProductDependency section */
	};
	rootObject = 5E92244A2F4F3995000B60A4 /* Project object */;
}
